// !$*UTF8*$!
{
	archiveVersion = 1;
	classes = {
	};
	objectVersion = 50;
	objects = {

/* Begin PBXBuildFile section */
		0D070A242175D3520093EC5F /* YZXBaseModel.m in Sources */ = {isa = PBXBuildFile; fileRef = 0D070A232175D3520093EC5F /* YZXBaseModel.m */; };
		0D070A272175D35F0093EC5F /* YZXBaseViewModel.m in Sources */ = {isa = PBXBuildFile; fileRef = 0D070A262175D35F0093EC5F /* YZXBaseViewModel.m */; };
		8501D82F21888A4A005CBEB9 /* YZXCollectionViewFlowLayout.m in Sources */ = {isa = PBXBuildFile; fileRef = 8501D82E21888A4A005CBEB9 /* YZXCollectionViewFlowLayout.m */; };
		8524EE282176DBB200258ABF /* FirstViewController.m in Sources */ = {isa = PBXBuildFile; fileRef = 8524EE272176DBB200258ABF /* FirstViewController.m */; };
		8524EE2B2176DBBA00258ABF /* SecondViewController.m in Sources */ = {isa = PBXBuildFile; fileRef = 8524EE2A2176DBBA00258ABF /* SecondViewController.m */; };
		8524EE2E2176E25900258ABF /* UIColor+YZXHexadecimal.m in Sources */ = {isa = PBXBuildFile; fileRef = 8524EE2D2176E25900258ABF /* UIColor+YZXHexadecimal.m */; };
		8524EE312176E49100258ABF /* UIButton+TitleImageEdgeInsets.m in Sources */ = {isa = PBXBuildFile; fileRef = 8524EE302176E49000258ABF /* UIButton+TitleImageEdgeInsets.m */; };
		8524EE342176E55600258ABF /* NSString+Size.m in Sources */ = {isa = PBXBuildFile; fileRef = 8524EE332176E55600258ABF /* NSString+Size.m */; };
		8524EE392176E66600258ABF /* YZXMD5Encrypt.m in Sources */ = {isa = PBXBuildFile; fileRef = 8524EE382176E66600258ABF /* YZXMD5Encrypt.m */; };
		8524EE3D2176E71100258ABF /* YZXRegularExpression.m in Sources */ = {isa = PBXBuildFile; fileRef = 8524EE3B2176E71100258ABF /* YZXRegularExpression.m */; };
		8524EE412176E7EE00258ABF /* YZXAdaptive.m in Sources */ = {isa = PBXBuildFile; fileRef = 8524EE3F2176E7EE00258ABF /* YZXAdaptive.m */; };
		8524EE452176E9F600258ABF /* YZXAppInfo.m in Sources */ = {isa = PBXBuildFile; fileRef = 8524EE442176E9F600258ABF /* YZXAppInfo.m */; };
		85653B2D20B798B7004B3DEE /* AppDelegate.m in Sources */ = {isa = PBXBuildFile; fileRef = 85653B2C20B798B7004B3DEE /* AppDelegate.m */; };
		85653B3320B798B8004B3DEE /* Main.storyboard in Resources */ = {isa = PBXBuildFile; fileRef = 85653B3120B798B8004B3DEE /* Main.storyboard */; };
		85653B3520B798B9004B3DEE /* Assets.xcassets in Resources */ = {isa = PBXBuildFile; fileRef = 85653B3420B798B9004B3DEE /* Assets.xcassets */; };
		85653B3820B798B9004B3DEE /* LaunchScreen.storyboard in Resources */ = {isa = PBXBuildFile; fileRef = 85653B3620B798B9004B3DEE /* LaunchScreen.storyboard */; };
		85653B3B20B798B9004B3DEE /* main.m in Sources */ = {isa = PBXBuildFile; fileRef = 85653B3A20B798B9004B3DEE /* main.m */; };
		85653B4520B798B9004B3DEE /* Base_ProjectTests.m in Sources */ = {isa = PBXBuildFile; fileRef = 85653B4420B798B9004B3DEE /* Base_ProjectTests.m */; };
		85653B5020B798B9004B3DEE /* Base_ProjectUITests.m in Sources */ = {isa = PBXBuildFile; fileRef = 85653B4F20B798B9004B3DEE /* Base_ProjectUITests.m */; };
		85653B6420B79906004B3DEE /* YZXBaseNavigationController.m in Sources */ = {isa = PBXBuildFile; fileRef = 85653B5E20B79906004B3DEE /* YZXBaseNavigationController.m */; };
		85653B6520B79906004B3DEE /* YZXBaseTabBarController.m in Sources */ = {isa = PBXBuildFile; fileRef = 85653B6220B79906004B3DEE /* YZXBaseTabBarController.m */; };
		85653B6620B79906004B3DEE /* YZXBaseViewController.m in Sources */ = {isa = PBXBuildFile; fileRef = 85653B6320B79906004B3DEE /* YZXBaseViewController.m */; };
		85653BB820B7BCFD004B3DEE /* UIView+frame.m in Sources */ = {isa = PBXBuildFile; fileRef = 85653BB720B7BCFD004B3DEE /* UIView+frame.m */; };
		85653BBE20B7DA35004B3DEE /* UIViewController+frame.m in Sources */ = {isa = PBXBuildFile; fileRef = 85653BBD20B7DA35004B3DEE /* UIViewController+frame.m */; };
		85653BC120B7DA49004B3DEE /* UINavigationController+frame.m in Sources */ = {isa = PBXBuildFile; fileRef = 85653BC020B7DA49004B3DEE /* UINavigationController+frame.m */; };
		85653BC420B7DA54004B3DEE /* UITabBarController+frame.m in Sources */ = {isa = PBXBuildFile; fileRef = 85653BC320B7DA54004B3DEE /* UITabBarController+frame.m */; };
		903FAE7EB04E86A9569548D7 /* libPods-Base_Project.a in Frameworks */ = {isa = PBXBuildFile; fileRef = 6215FE396E6CF541CB95162A /* libPods-Base_Project.a */; };
/* End PBXBuildFile section */

/* Begin PBXContainerItemProxy section */
		85653B4120B798B9004B3DEE /* PBXContainerItemProxy */ = {
			isa = PBXContainerItemProxy;
			containerPortal = 85653B2020B798B7004B3DEE /* Project object */;
			proxyType = 1;
			remoteGlobalIDString = 85653B2720B798B7004B3DEE;
			remoteInfo = Base_Project;
		};
		85653B4C20B798B9004B3DEE /* PBXContainerItemProxy */ = {
			isa = PBXContainerItemProxy;
			containerPortal = 85653B2020B798B7004B3DEE /* Project object */;
			proxyType = 1;
			remoteGlobalIDString = 85653B2720B798B7004B3DEE;
			remoteInfo = Base_Project;
		};
/* End PBXContainerItemProxy section */

/* Begin PBXFileReference section */
		0CEA800A7B3C1D617A72A85A /* Pods-Base_Project.debug.xcconfig */ = {isa = PBXFileReference; includeInIndex = 1; lastKnownFileType = text.xcconfig; name = "Pods-Base_Project.debug.xcconfig"; path = "Pods/Target Support Files/Pods-Base_Project/Pods-Base_Project.debug.xcconfig"; sourceTree = "<group>"; };
		0D070A1E21758BC50093EC5F /* YZXNotificationDefine.h */ = {isa = PBXFileReference; lastKnownFileType = sourcecode.c.h; path = YZXNotificationDefine.h; sourceTree = "<group>"; };
		0D070A1F21758C050093EC5F /* YZXEnumDefine.h */ = {isa = PBXFileReference; lastKnownFileType = sourcecode.c.h; path = YZXEnumDefine.h; sourceTree = "<group>"; };
		0D070A2021758C320093EC5F /* YZXBlockDefine.h */ = {isa = PBXFileReference; lastKnownFileType = sourcecode.c.h; path = YZXBlockDefine.h; sourceTree = "<group>"; };
		0D070A2121758CAE0093EC5F /* YZXUrlDefine.h */ = {isa = PBXFileReference; lastKnownFileType = sourcecode.c.h; path = YZXUrlDefine.h; sourceTree = "<group>"; };
		0D070A222175D3520093EC5F /* YZXBaseModel.h */ = {isa = PBXFileReference; lastKnownFileType = sourcecode.c.h; path = YZXBaseModel.h; sourceTree = "<group>"; };
		0D070A232175D3520093EC5F /* YZXBaseModel.m */ = {isa = PBXFileReference; lastKnownFileType = sourcecode.c.objc; path = YZXBaseModel.m; sourceTree = "<group>"; };
		0D070A252175D35F0093EC5F /* YZXBaseViewModel.h */ = {isa = PBXFileReference; lastKnownFileType = sourcecode.c.h; path = YZXBaseViewModel.h; sourceTree = "<group>"; };
		0D070A262175D35F0093EC5F /* YZXBaseViewModel.m */ = {isa = PBXFileReference; lastKnownFileType = sourcecode.c.objc; path = YZXBaseViewModel.m; sourceTree = "<group>"; };
		6215FE396E6CF541CB95162A /* libPods-Base_Project.a */ = {isa = PBXFileReference; explicitFileType = archive.ar; includeInIndex = 0; path = "libPods-Base_Project.a"; sourceTree = BUILT_PRODUCTS_DIR; };
		7DF6CD8C9F6B1CFCAD3E15FB /* Pods-Base_Project.release.xcconfig */ = {isa = PBXFileReference; includeInIndex = 1; lastKnownFileType = text.xcconfig; name = "Pods-Base_Project.release.xcconfig"; path = "Pods/Target Support Files/Pods-Base_Project/Pods-Base_Project.release.xcconfig"; sourceTree = "<group>"; };
		8501D82D21888A4A005CBEB9 /* YZXCollectionViewFlowLayout.h */ = {isa = PBXFileReference; fileEncoding = 4; lastKnownFileType = sourcecode.c.h; path = YZXCollectionViewFlowLayout.h; sourceTree = "<group>"; };
		8501D82E21888A4A005CBEB9 /* YZXCollectionViewFlowLayout.m */ = {isa = PBXFileReference; fileEncoding = 4; lastKnownFileType = sourcecode.c.objc; path = YZXCollectionViewFlowLayout.m; sourceTree = "<group>"; };
		8524EE262176DBB200258ABF /* FirstViewController.h */ = {isa = PBXFileReference; lastKnownFileType = sourcecode.c.h; path = FirstViewController.h; sourceTree = "<group>"; };
		8524EE272176DBB200258ABF /* FirstViewController.m */ = {isa = PBXFileReference; lastKnownFileType = sourcecode.c.objc; path = FirstViewController.m; sourceTree = "<group>"; };
		8524EE292176DBBA00258ABF /* SecondViewController.h */ = {isa = PBXFileReference; lastKnownFileType = sourcecode.c.h; path = SecondViewController.h; sourceTree = "<group>"; };
		8524EE2A2176DBBA00258ABF /* SecondViewController.m */ = {isa = PBXFileReference; lastKnownFileType = sourcecode.c.objc; path = SecondViewController.m; sourceTree = "<group>"; };
		8524EE2C2176E25900258ABF /* UIColor+YZXHexadecimal.h */ = {isa = PBXFileReference; fileEncoding = 4; lastKnownFileType = sourcecode.c.h; path = "UIColor+YZXHexadecimal.h"; sourceTree = "<group>"; };
		8524EE2D2176E25900258ABF /* UIColor+YZXHexadecimal.m */ = {isa = PBXFileReference; fileEncoding = 4; lastKnownFileType = sourcecode.c.objc; path = "UIColor+YZXHexadecimal.m"; sourceTree = "<group>"; };
		8524EE2F2176E49000258ABF /* UIButton+TitleImageEdgeInsets.h */ = {isa = PBXFileReference; fileEncoding = 4; lastKnownFileType = sourcecode.c.h; path = "UIButton+TitleImageEdgeInsets.h"; sourceTree = "<group>"; };
		8524EE302176E49000258ABF /* UIButton+TitleImageEdgeInsets.m */ = {isa = PBXFileReference; fileEncoding = 4; lastKnownFileType = sourcecode.c.objc; path = "UIButton+TitleImageEdgeInsets.m"; sourceTree = "<group>"; };
		8524EE322176E55600258ABF /* NSString+Size.h */ = {isa = PBXFileReference; fileEncoding = 4; lastKnownFileType = sourcecode.c.h; path = "NSString+Size.h"; sourceTree = "<group>"; };
		8524EE332176E55600258ABF /* NSString+Size.m */ = {isa = PBXFileReference; fileEncoding = 4; lastKnownFileType = sourcecode.c.objc; path = "NSString+Size.m"; sourceTree = "<group>"; };
		8524EE372176E66600258ABF /* YZXMD5Encrypt.h */ = {isa = PBXFileReference; fileEncoding = 4; lastKnownFileType = sourcecode.c.h; path = YZXMD5Encrypt.h; sourceTree = "<group>"; };
		8524EE382176E66600258ABF /* YZXMD5Encrypt.m */ = {isa = PBXFileReference; fileEncoding = 4; lastKnownFileType = sourcecode.c.objc; path = YZXMD5Encrypt.m; sourceTree = "<group>"; };
		8524EE3B2176E71100258ABF /* YZXRegularExpression.m */ = {isa = PBXFileReference; fileEncoding = 4; lastKnownFileType = sourcecode.c.objc; path = YZXRegularExpression.m; sourceTree = "<group>"; };
		8524EE3C2176E71100258ABF /* YZXRegularExpression.h */ = {isa = PBXFileReference; fileEncoding = 4; lastKnownFileType = sourcecode.c.h; path = YZXRegularExpression.h; sourceTree = "<group>"; };
		8524EE3F2176E7EE00258ABF /* YZXAdaptive.m */ = {isa = PBXFileReference; fileEncoding = 4; lastKnownFileType = sourcecode.c.objc; path = YZXAdaptive.m; sourceTree = "<group>"; };
		8524EE402176E7EE00258ABF /* YZXAdaptive.h */ = {isa = PBXFileReference; fileEncoding = 4; lastKnownFileType = sourcecode.c.h; path = YZXAdaptive.h; sourceTree = "<group>"; };
		8524EE432176E9F600258ABF /* YZXAppInfo.h */ = {isa = PBXFileReference; fileEncoding = 4; lastKnownFileType = sourcecode.c.h; path = YZXAppInfo.h; sourceTree = "<group>"; };
		8524EE442176E9F600258ABF /* YZXAppInfo.m */ = {isa = PBXFileReference; fileEncoding = 4; lastKnownFileType = sourcecode.c.objc; path = YZXAppInfo.m; sourceTree = "<group>"; };
		85653B2820B798B7004B3DEE /* Base_Project.app */ = {isa = PBXFileReference; explicitFileType = wrapper.application; includeInIndex = 0; path = Base_Project.app; sourceTree = BUILT_PRODUCTS_DIR; };
		85653B2B20B798B7004B3DEE /* AppDelegate.h */ = {isa = PBXFileReference; lastKnownFileType = sourcecode.c.h; path = AppDelegate.h; sourceTree = "<group>"; };
		85653B2C20B798B7004B3DEE /* AppDelegate.m */ = {isa = PBXFileReference; lastKnownFileType = sourcecode.c.objc; path = AppDelegate.m; sourceTree = "<group>"; };
		85653B3220B798B8004B3DEE /* Base */ = {isa = PBXFileReference; lastKnownFileType = file.storyboard; name = Base; path = Base.lproj/Main.storyboard; sourceTree = "<group>"; };
		85653B3420B798B9004B3DEE /* Assets.xcassets */ = {isa = PBXFileReference; lastKnownFileType = folder.assetcatalog; path = Assets.xcassets; sourceTree = "<group>"; };
		85653B3720B798B9004B3DEE /* Base */ = {isa = PBXFileReference; lastKnownFileType = file.storyboard; name = Base; path = Base.lproj/LaunchScreen.storyboard; sourceTree = "<group>"; };
		85653B3920B798B9004B3DEE /* Info.plist */ = {isa = PBXFileReference; lastKnownFileType = text.plist.xml; path = Info.plist; sourceTree = "<group>"; };
		85653B3A20B798B9004B3DEE /* main.m */ = {isa = PBXFileReference; lastKnownFileType = sourcecode.c.objc; path = main.m; sourceTree = "<group>"; };
		85653B4020B798B9004B3DEE /* Base_ProjectTests.xctest */ = {isa = PBXFileReference; explicitFileType = wrapper.cfbundle; includeInIndex = 0; path = Base_ProjectTests.xctest; sourceTree = BUILT_PRODUCTS_DIR; };
		85653B4420B798B9004B3DEE /* Base_ProjectTests.m */ = {isa = PBXFileReference; lastKnownFileType = sourcecode.c.objc; path = Base_ProjectTests.m; sourceTree = "<group>"; };
		85653B4620B798B9004B3DEE /* Info.plist */ = {isa = PBXFileReference; lastKnownFileType = text.plist.xml; path = Info.plist; sourceTree = "<group>"; };
		85653B4B20B798B9004B3DEE /* Base_ProjectUITests.xctest */ = {isa = PBXFileReference; explicitFileType = wrapper.cfbundle; includeInIndex = 0; path = Base_ProjectUITests.xctest; sourceTree = BUILT_PRODUCTS_DIR; };
		85653B4F20B798B9004B3DEE /* Base_ProjectUITests.m */ = {isa = PBXFileReference; lastKnownFileType = sourcecode.c.objc; path = Base_ProjectUITests.m; sourceTree = "<group>"; };
		85653B5120B798B9004B3DEE /* Info.plist */ = {isa = PBXFileReference; lastKnownFileType = text.plist.xml; path = Info.plist; sourceTree = "<group>"; };
		85653B5E20B79906004B3DEE /* YZXBaseNavigationController.m */ = {isa = PBXFileReference; fileEncoding = 4; lastKnownFileType = sourcecode.c.objc; path = YZXBaseNavigationController.m; sourceTree = "<group>"; };
		85653B5F20B79906004B3DEE /* YZXBaseTabBarController.h */ = {isa = PBXFileReference; fileEncoding = 4; lastKnownFileType = sourcecode.c.h; path = YZXBaseTabBarController.h; sourceTree = "<group>"; };
		85653B6020B79906004B3DEE /* YZXBaseViewController.h */ = {isa = PBXFileReference; fileEncoding = 4; lastKnownFileType = sourcecode.c.h; path = YZXBaseViewController.h; sourceTree = "<group>"; };
		85653B6120B79906004B3DEE /* YZXBaseNavigationController.h */ = {isa = PBXFileReference; fileEncoding = 4; lastKnownFileType = sourcecode.c.h; path = YZXBaseNavigationController.h; sourceTree = "<group>"; };
		85653B6220B79906004B3DEE /* YZXBaseTabBarController.m */ = {isa = PBXFileReference; fileEncoding = 4; lastKnownFileType = sourcecode.c.objc; path = YZXBaseTabBarController.m; sourceTree = "<group>"; };
		85653B6320B79906004B3DEE /* YZXBaseViewController.m */ = {isa = PBXFileReference; fileEncoding = 4; lastKnownFileType = sourcecode.c.objc; path = YZXBaseViewController.m; sourceTree = "<group>"; };
		85653BAC20B7A46D004B3DEE /* YZXConfig.h */ = {isa = PBXFileReference; lastKnownFileType = sourcecode.c.h; path = YZXConfig.h; sourceTree = "<group>"; };
		85653BAD20B7A483004B3DEE /* YZXPrefixHeader.pch */ = {isa = PBXFileReference; lastKnownFileType = sourcecode.c.h; path = YZXPrefixHeader.pch; sourceTree = "<group>"; };
		85653BB420B7B768004B3DEE /* YZXDefine.h */ = {isa = PBXFileReference; lastKnownFileType = sourcecode.c.h; path = YZXDefine.h; sourceTree = "<group>"; };
		85653BB620B7BCFD004B3DEE /* UIView+frame.h */ = {isa = PBXFileReference; lastKnownFileType = sourcecode.c.h; path = "UIView+frame.h"; sourceTree = "<group>"; };
		85653BB720B7BCFD004B3DEE /* UIView+frame.m */ = {isa = PBXFileReference; lastKnownFileType = sourcecode.c.objc; path = "UIView+frame.m"; sourceTree = "<group>"; };
		85653BBC20B7DA35004B3DEE /* UIViewController+frame.h */ = {isa = PBXFileReference; fileEncoding = 4; lastKnownFileType = sourcecode.c.h; path = "UIViewController+frame.h"; sourceTree = "<group>"; };
		85653BBD20B7DA35004B3DEE /* UIViewController+frame.m */ = {isa = PBXFileReference; fileEncoding = 4; lastKnownFileType = sourcecode.c.objc; path = "UIViewController+frame.m"; sourceTree = "<group>"; };
		85653BBF20B7DA49004B3DEE /* UINavigationController+frame.h */ = {isa = PBXFileReference; lastKnownFileType = sourcecode.c.h; path = "UINavigationController+frame.h"; sourceTree = "<group>"; };
		85653BC020B7DA49004B3DEE /* UINavigationController+frame.m */ = {isa = PBXFileReference; lastKnownFileType = sourcecode.c.objc; path = "UINavigationController+frame.m"; sourceTree = "<group>"; };
		85653BC220B7DA54004B3DEE /* UITabBarController+frame.h */ = {isa = PBXFileReference; lastKnownFileType = sourcecode.c.h; path = "UITabBarController+frame.h"; sourceTree = "<group>"; };
		85653BC320B7DA54004B3DEE /* UITabBarController+frame.m */ = {isa = PBXFileReference; lastKnownFileType = sourcecode.c.objc; path = "UITabBarController+frame.m"; sourceTree = "<group>"; };
/* End PBXFileReference section */

/* Begin PBXFrameworksBuildPhase section */
		85653B2520B798B7004B3DEE /* Frameworks */ = {
			isa = PBXFrameworksBuildPhase;
			buildActionMask = 2147483647;
			files = (
				903FAE7EB04E86A9569548D7 /* libPods-Base_Project.a in Frameworks */,
			);
			runOnlyForDeploymentPostprocessing = 0;
		};
		85653B3D20B798B9004B3DEE /* Frameworks */ = {
			isa = PBXFrameworksBuildPhase;
			buildActionMask = 2147483647;
			files = (
			);
			runOnlyForDeploymentPostprocessing = 0;
		};
		85653B4820B798B9004B3DEE /* Frameworks */ = {
			isa = PBXFrameworksBuildPhase;
			buildActionMask = 2147483647;
			files = (
			);
			runOnlyForDeploymentPostprocessing = 0;
		};
/* End PBXFrameworksBuildPhase section */

/* Begin PBXGroup section */
		02B2E84EE7B67137844055ED /* Pods */ = {
			isa = PBXGroup;
			children = (
				0CEA800A7B3C1D617A72A85A /* Pods-Base_Project.debug.xcconfig */,
				7DF6CD8C9F6B1CFCAD3E15FB /* Pods-Base_Project.release.xcconfig */,
			);
			name = Pods;
			sourceTree = "<group>";
		};
		5EF493DBA2F3669A5BE7E0E7 /* Frameworks */ = {
			isa = PBXGroup;
			children = (
				6215FE396E6CF541CB95162A /* libPods-Base_Project.a */,
			);
			name = Frameworks;
			sourceTree = "<group>";
		};
		8501D82B21888A32005CBEB9 /* Custom */ = {
			isa = PBXGroup;
			children = (
				8501D82C21888A4A005CBEB9 /* YZXCollectionViewFlowLayout */,
			);
			path = Custom;
			sourceTree = "<group>";
		};
		8501D82C21888A4A005CBEB9 /* YZXCollectionViewFlowLayout */ = {
			isa = PBXGroup;
			children = (
				8501D82D21888A4A005CBEB9 /* YZXCollectionViewFlowLayout.h */,
				8501D82E21888A4A005CBEB9 /* YZXCollectionViewFlowLayout.m */,
			);
			path = YZXCollectionViewFlowLayout;
			sourceTree = "<group>";
		};
		8524EE352176E63300258ABF /* Thirdparty */ = {
			isa = PBXGroup;
			children = (
			);
			path = Thirdparty;
			sourceTree = "<group>";
		};
		8524EE362176E66600258ABF /* MD5 */ = {
			isa = PBXGroup;
			children = (
				8524EE372176E66600258ABF /* YZXMD5Encrypt.h */,
				8524EE382176E66600258ABF /* YZXMD5Encrypt.m */,
			);
			path = MD5;
			sourceTree = "<group>";
		};
		8524EE3A2176E71100258ABF /* RegularExpression */ = {
			isa = PBXGroup;
			children = (
				8524EE3C2176E71100258ABF /* YZXRegularExpression.h */,
				8524EE3B2176E71100258ABF /* YZXRegularExpression.m */,
			);
			path = RegularExpression;
			sourceTree = "<group>";
		};
		8524EE3E2176E7EE00258ABF /* Adaptive */ = {
			isa = PBXGroup;
			children = (
				8524EE402176E7EE00258ABF /* YZXAdaptive.h */,
				8524EE3F2176E7EE00258ABF /* YZXAdaptive.m */,
			);
			path = Adaptive;
			sourceTree = "<group>";
		};
		8524EE422176E9F600258ABF /* AppInfo */ = {
			isa = PBXGroup;
			children = (
				8524EE432176E9F600258ABF /* YZXAppInfo.h */,
				8524EE442176E9F600258ABF /* YZXAppInfo.m */,
			);
			path = AppInfo;
			sourceTree = "<group>";
		};
		85653B1F20B798B7004B3DEE = {
			isa = PBXGroup;
			children = (
				85653B2A20B798B7004B3DEE /* Base_Project */,
				85653B4320B798B9004B3DEE /* Base_ProjectTests */,
				85653B4E20B798B9004B3DEE /* Base_ProjectUITests */,
				85653B2920B798B7004B3DEE /* Products */,
				02B2E84EE7B67137844055ED /* Pods */,
				5EF493DBA2F3669A5BE7E0E7 /* Frameworks */,
			);
			sourceTree = "<group>";
		};
		85653B2920B798B7004B3DEE /* Products */ = {
			isa = PBXGroup;
			children = (
				85653B2820B798B7004B3DEE /* Base_Project.app */,
				85653B4020B798B9004B3DEE /* Base_ProjectTests.xctest */,
				85653B4B20B798B9004B3DEE /* Base_ProjectUITests.xctest */,
			);
			name = Products;
			sourceTree = "<group>";
		};
		85653B2A20B798B7004B3DEE /* Base_Project */ = {
			isa = PBXGroup;
			children = (
				85653B2B20B798B7004B3DEE /* AppDelegate.h */,
				85653B2C20B798B7004B3DEE /* AppDelegate.m */,
				8524EE262176DBB200258ABF /* FirstViewController.h */,
				8524EE272176DBB200258ABF /* FirstViewController.m */,
				8524EE292176DBBA00258ABF /* SecondViewController.h */,
				8524EE2A2176DBBA00258ABF /* SecondViewController.m */,
				85653B5D20B79906004B3DEE /* Base */,
				85653BAB20B7A45F004B3DEE /* config */,
				85653BB520B7BCE4004B3DEE /* Category */,
				8524EE352176E63300258ABF /* Thirdparty */,
				8501D82B21888A32005CBEB9 /* Custom */,
				85653B3120B798B8004B3DEE /* Main.storyboard */,
				85653B3420B798B9004B3DEE /* Assets.xcassets */,
				85653B3620B798B9004B3DEE /* LaunchScreen.storyboard */,
				85653B3920B798B9004B3DEE /* Info.plist */,
				85653B3A20B798B9004B3DEE /* main.m */,
			);
			path = Base_Project;
			sourceTree = "<group>";
		};
		85653B4320B798B9004B3DEE /* Base_ProjectTests */ = {
			isa = PBXGroup;
			children = (
				85653B4420B798B9004B3DEE /* Base_ProjectTests.m */,
				85653B4620B798B9004B3DEE /* Info.plist */,
			);
			path = Base_ProjectTests;
			sourceTree = "<group>";
		};
		85653B4E20B798B9004B3DEE /* Base_ProjectUITests */ = {
			isa = PBXGroup;
			children = (
				85653B4F20B798B9004B3DEE /* Base_ProjectUITests.m */,
				85653B5120B798B9004B3DEE /* Info.plist */,
			);
			path = Base_ProjectUITests;
			sourceTree = "<group>";
		};
		85653B5D20B79906004B3DEE /* Base */ = {
			isa = PBXGroup;
			children = (
				85653B6120B79906004B3DEE /* YZXBaseNavigationController.h */,
				85653B5E20B79906004B3DEE /* YZXBaseNavigationController.m */,
				85653B5F20B79906004B3DEE /* YZXBaseTabBarController.h */,
				85653B6220B79906004B3DEE /* YZXBaseTabBarController.m */,
				85653B6020B79906004B3DEE /* YZXBaseViewController.h */,
				85653B6320B79906004B3DEE /* YZXBaseViewController.m */,
				0D070A222175D3520093EC5F /* YZXBaseModel.h */,
				0D070A232175D3520093EC5F /* YZXBaseModel.m */,
				0D070A252175D35F0093EC5F /* YZXBaseViewModel.h */,
				0D070A262175D35F0093EC5F /* YZXBaseViewModel.m */,
			);
			path = Base;
			sourceTree = "<group>";
		};
		85653BAB20B7A45F004B3DEE /* config */ = {
			isa = PBXGroup;
			children = (
				8524EE422176E9F600258ABF /* AppInfo */,
				8524EE3E2176E7EE00258ABF /* Adaptive */,
				8524EE3A2176E71100258ABF /* RegularExpression */,
				8524EE362176E66600258ABF /* MD5 */,
				85653BAC20B7A46D004B3DEE /* YZXConfig.h */,
				85653BB420B7B768004B3DEE /* YZXDefine.h */,
				0D070A1E21758BC50093EC5F /* YZXNotificationDefine.h */,
				0D070A1F21758C050093EC5F /* YZXEnumDefine.h */,
				0D070A2021758C320093EC5F /* YZXBlockDefine.h */,
				0D070A2121758CAE0093EC5F /* YZXUrlDefine.h */,
				85653BAD20B7A483004B3DEE /* YZXPrefixHeader.pch */,
			);
			path = config;
			sourceTree = "<group>";
		};
		85653BB520B7BCE4004B3DEE /* Category */ = {
			isa = PBXGroup;
			children = (
				8524EE2F2176E49000258ABF /* UIButton+TitleImageEdgeInsets.h */,
				8524EE302176E49000258ABF /* UIButton+TitleImageEdgeInsets.m */,
				8524EE2C2176E25900258ABF /* UIColor+YZXHexadecimal.h */,
				8524EE2D2176E25900258ABF /* UIColor+YZXHexadecimal.m */,
				85653BBC20B7DA35004B3DEE /* UIViewController+frame.h */,
				85653BBD20B7DA35004B3DEE /* UIViewController+frame.m */,
				85653BB620B7BCFD004B3DEE /* UIView+frame.h */,
				85653BB720B7BCFD004B3DEE /* UIView+frame.m */,
				85653BBF20B7DA49004B3DEE /* UINavigationController+frame.h */,
				85653BC020B7DA49004B3DEE /* UINavigationController+frame.m */,
				85653BC220B7DA54004B3DEE /* UITabBarController+frame.h */,
				85653BC320B7DA54004B3DEE /* UITabBarController+frame.m */,
				8524EE322176E55600258ABF /* NSString+Size.h */,
				8524EE332176E55600258ABF /* NSString+Size.m */,
			);
			path = Category;
			sourceTree = "<group>";
		};
/* End PBXGroup section */

/* Begin PBXNativeTarget section */
		85653B2720B798B7004B3DEE /* Base_Project */ = {
			isa = PBXNativeTarget;
			buildConfigurationList = 85653B5420B798B9004B3DEE /* Build configuration list for PBXNativeTarget "Base_Project" */;
			buildPhases = (
				282C3EF45EABA716318BC462 /* [CP] Check Pods Manifest.lock */,
				85653B2420B798B7004B3DEE /* Sources */,
				85653B2520B798B7004B3DEE /* Frameworks */,
				85653B2620B798B7004B3DEE /* Resources */,
				4B4A71C8E1A90DD00406952C /* [CP] Copy Pods Resources */,
			);
			buildRules = (
			);
			dependencies = (
			);
			name = Base_Project;
			productName = Base_Project;
			productReference = 85653B2820B798B7004B3DEE /* Base_Project.app */;
			productType = "com.apple.product-type.application";
		};
		85653B3F20B798B9004B3DEE /* Base_ProjectTests */ = {
			isa = PBXNativeTarget;
			buildConfigurationList = 85653B5720B798B9004B3DEE /* Build configuration list for PBXNativeTarget "Base_ProjectTests" */;
			buildPhases = (
				85653B3C20B798B9004B3DEE /* Sources */,
				85653B3D20B798B9004B3DEE /* Frameworks */,
				85653B3E20B798B9004B3DEE /* Resources */,
			);
			buildRules = (
			);
			dependencies = (
				85653B4220B798B9004B3DEE /* PBXTargetDependency */,
			);
			name = Base_ProjectTests;
			productName = Base_ProjectTests;
			productReference = 85653B4020B798B9004B3DEE /* Base_ProjectTests.xctest */;
			productType = "com.apple.product-type.bundle.unit-test";
		};
		85653B4A20B798B9004B3DEE /* Base_ProjectUITests */ = {
			isa = PBXNativeTarget;
			buildConfigurationList = 85653B5A20B798B9004B3DEE /* Build configuration list for PBXNativeTarget "Base_ProjectUITests" */;
			buildPhases = (
				85653B4720B798B9004B3DEE /* Sources */,
				85653B4820B798B9004B3DEE /* Frameworks */,
				85653B4920B798B9004B3DEE /* Resources */,
			);
			buildRules = (
			);
			dependencies = (
				85653B4D20B798B9004B3DEE /* PBXTargetDependency */,
			);
			name = Base_ProjectUITests;
			productName = Base_ProjectUITests;
			productReference = 85653B4B20B798B9004B3DEE /* Base_ProjectUITests.xctest */;
			productType = "com.apple.product-type.bundle.ui-testing";
		};
/* End PBXNativeTarget section */

/* Begin PBXProject section */
		85653B2020B798B7004B3DEE /* Project object */ = {
			isa = PBXProject;
			attributes = {
				LastUpgradeCheck = 0930;
				ORGANIZATIONNAME = "尹星";
				TargetAttributes = {
					85653B2720B798B7004B3DEE = {
						CreatedOnToolsVersion = 9.3;
					};
					85653B3F20B798B9004B3DEE = {
						CreatedOnToolsVersion = 9.3;
						TestTargetID = 85653B2720B798B7004B3DEE;
					};
					85653B4A20B798B9004B3DEE = {
						CreatedOnToolsVersion = 9.3;
						TestTargetID = 85653B2720B798B7004B3DEE;
					};
				};
			};
			buildConfigurationList = 85653B2320B798B7004B3DEE /* Build configuration list for PBXProject "Base_Project" */;
			compatibilityVersion = "Xcode 9.3";
			developmentRegion = en;
			hasScannedForEncodings = 0;
			knownRegions = (
				en,
				Base,
			);
			mainGroup = 85653B1F20B798B7004B3DEE;
			productRefGroup = 85653B2920B798B7004B3DEE /* Products */;
			projectDirPath = "";
			projectRoot = "";
			targets = (
				85653B2720B798B7004B3DEE /* Base_Project */,
				85653B3F20B798B9004B3DEE /* Base_ProjectTests */,
				85653B4A20B798B9004B3DEE /* Base_ProjectUITests */,
			);
		};
/* End PBXProject section */

/* Begin PBXResourcesBuildPhase section */
		85653B2620B798B7004B3DEE /* Resources */ = {
			isa = PBXResourcesBuildPhase;
			buildActionMask = 2147483647;
			files = (
				85653B3820B798B9004B3DEE /* LaunchScreen.storyboard in Resources */,
				85653B3520B798B9004B3DEE /* Assets.xcassets in Resources */,
				85653B3320B798B8004B3DEE /* Main.storyboard in Resources */,
			);
			runOnlyForDeploymentPostprocessing = 0;
		};
		85653B3E20B798B9004B3DEE /* Resources */ = {
			isa = PBXResourcesBuildPhase;
			buildActionMask = 2147483647;
			files = (
			);
			runOnlyForDeploymentPostprocessing = 0;
		};
		85653B4920B798B9004B3DEE /* Resources */ = {
			isa = PBXResourcesBuildPhase;
			buildActionMask = 2147483647;
			files = (
			);
			runOnlyForDeploymentPostprocessing = 0;
		};
/* End PBXResourcesBuildPhase section */

/* Begin PBXShellScriptBuildPhase section */
		282C3EF45EABA716318BC462 /* [CP] Check Pods Manifest.lock */ = {
			isa = PBXShellScriptBuildPhase;
			buildActionMask = 2147483647;
			files = (
			);
			inputFileListPaths = (
			);
			inputPaths = (
				"${PODS_PODFILE_DIR_PATH}/Podfile.lock",
				"${PODS_ROOT}/Manifest.lock",
			);
			name = "[CP] Check Pods Manifest.lock";
			outputFileListPaths = (
			);
			outputPaths = (
				"$(DERIVED_FILE_DIR)/Pods-Base_Project-checkManifestLockResult.txt",
			);
			runOnlyForDeploymentPostprocessing = 0;
			shellPath = /bin/sh;
			shellScript = "diff \"${PODS_PODFILE_DIR_PATH}/Podfile.lock\" \"${PODS_ROOT}/Manifest.lock\" > /dev/null\nif [ $? != 0 ] ; then\n    # print error to STDERR\n    echo \"error: The sandbox is not in sync with the Podfile.lock. Run 'pod install' or update your CocoaPods installation.\" >&2\n    exit 1\nfi\n# This output is used by Xcode 'outputs' to avoid re-running this script phase.\necho \"SUCCESS\" > \"${SCRIPT_OUTPUT_FILE_0}\"\n";
			showEnvVarsInLog = 0;
		};
		4B4A71C8E1A90DD00406952C /* [CP] Copy Pods Resources */ = {
			isa = PBXShellScriptBuildPhase;
			buildActionMask = 2147483647;
			files = (
			);
			inputFileListPaths = (
			);
			inputPaths = (
				"${SRCROOT}/Pods/Target Support Files/Pods-Base_Project/Pods-Base_Project-resources.sh",
				"${PODS_ROOT}/IQKeyboardManager/IQKeyboardManager/Resources/IQKeyboardManager.bundle",
				"${PODS_ROOT}/MJRefresh/MJRefresh/MJRefresh.bundle",
			);
			name = "[CP] Copy Pods Resources";
			outputFileListPaths = (
			);
			outputPaths = (
				"${TARGET_BUILD_DIR}/${UNLOCALIZED_RESOURCES_FOLDER_PATH}/IQKeyboardManager.bundle",
				"${TARGET_BUILD_DIR}/${UNLOCALIZED_RESOURCES_FOLDER_PATH}/MJRefresh.bundle",
			);
			runOnlyForDeploymentPostprocessing = 0;
			shellPath = /bin/sh;
			shellScript = "\"${SRCROOT}/Pods/Target Support Files/Pods-Base_Project/Pods-Base_Project-resources.sh\"\n";
			showEnvVarsInLog = 0;
		};
/* End PBXShellScriptBuildPhase section */

/* Begin PBXSourcesBuildPhase section */
		85653B2420B798B7004B3DEE /* Sources */ = {
			isa = PBXSourcesBuildPhase;
			buildActionMask = 2147483647;
			files = (
				8524EE392176E66600258ABF /* YZXMD5Encrypt.m in Sources */,
				85653B6420B79906004B3DEE /* YZXBaseNavigationController.m in Sources */,
				8524EE2B2176DBBA00258ABF /* SecondViewController.m in Sources */,
				85653B6620B79906004B3DEE /* YZXBaseViewController.m in Sources */,
				8501D82F21888A4A005CBEB9 /* YZXCollectionViewFlowLayout.m in Sources */,
				8524EE412176E7EE00258ABF /* YZXAdaptive.m in Sources */,
				8524EE3D2176E71100258ABF /* YZXRegularExpression.m in Sources */,
				0D070A272175D35F0093EC5F /* YZXBaseViewModel.m in Sources */,
				85653B6520B79906004B3DEE /* YZXBaseTabBarController.m in Sources */,
				8524EE2E2176E25900258ABF /* UIColor+YZXHexadecimal.m in Sources */,
				85653B3B20B798B9004B3DEE /* main.m in Sources */,
				85653BC120B7DA49004B3DEE /* UINavigationController+frame.m in Sources */,
				8524EE342176E55600258ABF /* NSString+Size.m in Sources */,
				85653B2D20B798B7004B3DEE /* AppDelegate.m in Sources */,
				8524EE282176DBB200258ABF /* FirstViewController.m in Sources */,
				8524EE452176E9F600258ABF /* YZXAppInfo.m in Sources */,
				8524EE312176E49100258ABF /* UIButton+TitleImageEdgeInsets.m in Sources */,
				0D070A242175D3520093EC5F /* YZXBaseModel.m in Sources */,
				85653BC420B7DA54004B3DEE /* UITabBarController+frame.m in Sources */,
				85653BB820B7BCFD004B3DEE /* UIView+frame.m in Sources */,
				85653BBE20B7DA35004B3DEE /* UIViewController+frame.m in Sources */,
			);
			runOnlyForDeploymentPostprocessing = 0;
		};
		85653B3C20B798B9004B3DEE /* Sources */ = {
			isa = PBXSourcesBuildPhase;
			buildActionMask = 2147483647;
			files = (
				85653B4520B798B9004B3DEE /* Base_ProjectTests.m in Sources */,
			);
			runOnlyForDeploymentPostprocessing = 0;
		};
		85653B4720B798B9004B3DEE /* Sources */ = {
			isa = PBXSourcesBuildPhase;
			buildActionMask = 2147483647;
			files = (
				85653B5020B798B9004B3DEE /* Base_ProjectUITests.m in Sources */,
			);
			runOnlyForDeploymentPostprocessing = 0;
		};
/* End PBXSourcesBuildPhase section */

/* Begin PBXTargetDependency section */
		85653B4220B798B9004B3DEE /* PBXTargetDependency */ = {
			isa = PBXTargetDependency;
			target = 85653B2720B798B7004B3DEE /* Base_Project */;
			targetProxy = 85653B4120B798B9004B3DEE /* PBXContainerItemProxy */;
		};
		85653B4D20B798B9004B3DEE /* PBXTargetDependency */ = {
			isa = PBXTargetDependency;
			target = 85653B2720B798B7004B3DEE /* Base_Project */;
			targetProxy = 85653B4C20B798B9004B3DEE /* PBXContainerItemProxy */;
		};
/* End PBXTargetDependency section */

/* Begin PBXVariantGroup section */
		85653B3120B798B8004B3DEE /* Main.storyboard */ = {
			isa = PBXVariantGroup;
			children = (
				85653B3220B798B8004B3DEE /* Base */,
			);
			name = Main.storyboard;
			sourceTree = "<group>";
		};
		85653B3620B798B9004B3DEE /* LaunchScreen.storyboard */ = {
			isa = PBXVariantGroup;
			children = (
				85653B3720B798B9004B3DEE /* Base */,
			);
			name = LaunchScreen.storyboard;
			sourceTree = "<group>";
		};
/* End PBXVariantGroup section */

/* Begin XCBuildConfiguration section */
		85653B5220B798B9004B3DEE /* Debug */ = {
			isa = XCBuildConfiguration;
			buildSettings = {
				ALWAYS_SEARCH_USER_PATHS = NO;
				CLANG_ANALYZER_NONNULL = YES;
				CLANG_ANALYZER_NUMBER_OBJECT_CONVERSION = YES_AGGRESSIVE;
				CLANG_CXX_LANGUAGE_STANDARD = "gnu++14";
				CLANG_CXX_LIBRARY = "libc++";
				CLANG_ENABLE_MODULES = YES;
				CLANG_ENABLE_OBJC_ARC = YES;
				CLANG_ENABLE_OBJC_WEAK = YES;
				CLANG_WARN_BLOCK_CAPTURE_AUTORELEASING = YES;
				CLANG_WARN_BOOL_CONVERSION = YES;
				CLANG_WARN_COMMA = YES;
				CLANG_WARN_CONSTANT_CONVERSION = YES;
				CLANG_WARN_DEPRECATED_OBJC_IMPLEMENTATIONS = YES;
				CLANG_WARN_DIRECT_OBJC_ISA_USAGE = YES_ERROR;
				CLANG_WARN_DOCUMENTATION_COMMENTS = YES;
				CLANG_WARN_EMPTY_BODY = YES;
				CLANG_WARN_ENUM_CONVERSION = YES;
				CLANG_WARN_INFINITE_RECURSION = YES;
				CLANG_WARN_INT_CONVERSION = YES;
				CLANG_WARN_NON_LITERAL_NULL_CONVERSION = YES;
				CLANG_WARN_OBJC_IMPLICIT_RETAIN_SELF = YES;
				CLANG_WARN_OBJC_LITERAL_CONVERSION = YES;
				CLANG_WARN_OBJC_ROOT_CLASS = YES_ERROR;
				CLANG_WARN_RANGE_LOOP_ANALYSIS = YES;
				CLANG_WARN_STRICT_PROTOTYPES = YES;
				CLANG_WARN_SUSPICIOUS_MOVE = YES;
				CLANG_WARN_UNGUARDED_AVAILABILITY = YES_AGGRESSIVE;
				CLANG_WARN_UNREACHABLE_CODE = YES;
				CLANG_WARN__DUPLICATE_METHOD_MATCH = YES;
				CODE_SIGN_IDENTITY = "iPhone Developer";
				COPY_PHASE_STRIP = NO;
				DEBUG_INFORMATION_FORMAT = dwarf;
				ENABLE_STRICT_OBJC_MSGSEND = YES;
				ENABLE_TESTABILITY = YES;
				GCC_C_LANGUAGE_STANDARD = gnu11;
				GCC_DYNAMIC_NO_PIC = NO;
				GCC_NO_COMMON_BLOCKS = YES;
				GCC_OPTIMIZATION_LEVEL = 0;
				GCC_PREPROCESSOR_DEFINITIONS = (
					"DEBUG=1",
					"$(inherited)",
				);
				GCC_WARN_64_TO_32_BIT_CONVERSION = YES;
				GCC_WARN_ABOUT_RETURN_TYPE = YES_ERROR;
				GCC_WARN_UNDECLARED_SELECTOR = YES;
				GCC_WARN_UNINITIALIZED_AUTOS = YES_AGGRESSIVE;
				GCC_WARN_UNUSED_FUNCTION = YES;
				GCC_WARN_UNUSED_VARIABLE = YES;
				IPHONEOS_DEPLOYMENT_TARGET = 11.3;
				MTL_ENABLE_DEBUG_INFO = YES;
				ONLY_ACTIVE_ARCH = YES;
				SDKROOT = iphoneos;
			};
			name = Debug;
		};
		85653B5320B798B9004B3DEE /* Release */ = {
			isa = XCBuildConfiguration;
			buildSettings = {
				ALWAYS_SEARCH_USER_PATHS = NO;
				CLANG_ANALYZER_NONNULL = YES;
				CLANG_ANALYZER_NUMBER_OBJECT_CONVERSION = YES_AGGRESSIVE;
				CLANG_CXX_LANGUAGE_STANDARD = "gnu++14";
				CLANG_CXX_LIBRARY = "libc++";
				CLANG_ENABLE_MODULES = YES;
				CLANG_ENABLE_OBJC_ARC = YES;
				CLANG_ENABLE_OBJC_WEAK = YES;
				CLANG_WARN_BLOCK_CAPTURE_AUTORELEASING = YES;
				CLANG_WARN_BOOL_CONVERSION = YES;
				CLANG_WARN_COMMA = YES;
				CLANG_WARN_CONSTANT_CONVERSION = YES;
				CLANG_WARN_DEPRECATED_OBJC_IMPLEMENTATIONS = YES;
				CLANG_WARN_DIRECT_OBJC_ISA_USAGE = YES_ERROR;
				CLANG_WARN_DOCUMENTATION_COMMENTS = YES;
				CLANG_WARN_EMPTY_BODY = YES;
				CLANG_WARN_ENUM_CONVERSION = YES;
				CLANG_WARN_INFINITE_RECURSION = YES;
				CLANG_WARN_INT_CONVERSION = YES;
				CLANG_WARN_NON_LITERAL_NULL_CONVERSION = YES;
				CLANG_WARN_OBJC_IMPLICIT_RETAIN_SELF = YES;
				CLANG_WARN_OBJC_LITERAL_CONVERSION = YES;
				CLANG_WARN_OBJC_ROOT_CLASS = YES_ERROR;
				CLANG_WARN_RANGE_LOOP_ANALYSIS = YES;
				CLANG_WARN_STRICT_PROTOTYPES = YES;
				CLANG_WARN_SUSPICIOUS_MOVE = YES;
				CLANG_WARN_UNGUARDED_AVAILABILITY = YES_AGGRESSIVE;
				CLANG_WARN_UNREACHABLE_CODE = YES;
				CLANG_WARN__DUPLICATE_METHOD_MATCH = YES;
				CODE_SIGN_IDENTITY = "iPhone Developer";
				COPY_PHASE_STRIP = NO;
				DEBUG_INFORMATION_FORMAT = "dwarf-with-dsym";
				ENABLE_NS_ASSERTIONS = NO;
				ENABLE_STRICT_OBJC_MSGSEND = YES;
				GCC_C_LANGUAGE_STANDARD = gnu11;
				GCC_NO_COMMON_BLOCKS = YES;
				GCC_WARN_64_TO_32_BIT_CONVERSION = YES;
				GCC_WARN_ABOUT_RETURN_TYPE = YES_ERROR;
				GCC_WARN_UNDECLARED_SELECTOR = YES;
				GCC_WARN_UNINITIALIZED_AUTOS = YES_AGGRESSIVE;
				GCC_WARN_UNUSED_FUNCTION = YES;
				GCC_WARN_UNUSED_VARIABLE = YES;
				IPHONEOS_DEPLOYMENT_TARGET = 11.3;
				MTL_ENABLE_DEBUG_INFO = NO;
				SDKROOT = iphoneos;
				VALIDATE_PRODUCT = YES;
			};
			name = Release;
		};
		85653B5520B798B9004B3DEE /* Debug */ = {
			isa = XCBuildConfiguration;
			baseConfigurationReference = 0CEA800A7B3C1D617A72A85A /* Pods-Base_Project.debug.xcconfig */;
			buildSettings = {
				ASSETCATALOG_COMPILER_APPICON_NAME = AppIcon;
				CODE_SIGN_STYLE = Automatic;
				DEVELOPMENT_TEAM = 77SZSJ7882;
				GCC_PREFIX_HEADER = "$(SRCROOT)/Base_Project/config/YZXPrefixHeader.pch";
				INFOPLIST_FILE = Base_Project/Info.plist;
				LD_RUNPATH_SEARCH_PATHS = (
					"$(inherited)",
					"@executable_path/Frameworks",
				);
				PRODUCT_BUNDLE_IDENTIFIER = com.yx.baseProject;
				PRODUCT_NAME = "$(TARGET_NAME)";
				TARGETED_DEVICE_FAMILY = "1,2";
			};
			name = Debug;
		};
		85653B5620B798B9004B3DEE /* Release */ = {
			isa = XCBuildConfiguration;
			baseConfigurationReference = 7DF6CD8C9F6B1CFCAD3E15FB /* Pods-Base_Project.release.xcconfig */;
			buildSettings = {
				ASSETCATALOG_COMPILER_APPICON_NAME = AppIcon;
				CODE_SIGN_STYLE = Automatic;
				DEVELOPMENT_TEAM = 77SZSJ7882;
				GCC_PREFIX_HEADER = "$(SRCROOT)/Base_Project/config/YZXPrefixHeader.pch";
				INFOPLIST_FILE = Base_Project/Info.plist;
				LD_RUNPATH_SEARCH_PATHS = (
					"$(inherited)",
					"@executable_path/Frameworks",
				);
				PRODUCT_BUNDLE_IDENTIFIER = com.yx.baseProject;
				PRODUCT_NAME = "$(TARGET_NAME)";
				TARGETED_DEVICE_FAMILY = "1,2";
			};
			name = Release;
		};
		85653B5820B798B9004B3DEE /* Debug */ = {
			isa = XCBuildConfiguration;
			buildSettings = {
				BUNDLE_LOADER = "$(TEST_HOST)";
				CODE_SIGN_STYLE = Automatic;
				INFOPLIST_FILE = Base_ProjectTests/Info.plist;
				LD_RUNPATH_SEARCH_PATHS = (
					"$(inherited)",
					"@executable_path/Frameworks",
					"@loader_path/Frameworks",
				);
				PRODUCT_BUNDLE_IDENTIFIER = "com.base.project.Base-ProjectTests";
				PRODUCT_NAME = "$(TARGET_NAME)";
				TARGETED_DEVICE_FAMILY = "1,2";
				TEST_HOST = "$(BUILT_PRODUCTS_DIR)/Base_Project.app/Base_Project";
			};
			name = Debug;
		};
		85653B5920B798B9004B3DEE /* Release */ = {
			isa = XCBuildConfiguration;
			buildSettings = {
				BUNDLE_LOADER = "$(TEST_HOST)";
				CODE_SIGN_STYLE = Automatic;
				INFOPLIST_FILE = Base_ProjectTests/Info.plist;
				LD_RUNPATH_SEARCH_PATHS = (
					"$(inherited)",
					"@executable_path/Frameworks",
					"@loader_path/Frameworks",
				);
				PRODUCT_BUNDLE_IDENTIFIER = "com.base.project.Base-ProjectTests";
				PRODUCT_NAME = "$(TARGET_NAME)";
				TARGETED_DEVICE_FAMILY = "1,2";
				TEST_HOST = "$(BUILT_PRODUCTS_DIR)/Base_Project.app/Base_Project";
			};
			name = Release;
		};
		85653B5B20B798B9004B3DEE /* Debug */ = {
			isa = XCBuildConfiguration;
			buildSettings = {
				CODE_SIGN_STYLE = Automatic;
				INFOPLIST_FILE = Base_ProjectUITests/Info.plist;
				LD_RUNPATH_SEARCH_PATHS = (
					"$(inherited)",
					"@executable_path/Frameworks",
					"@loader_path/Frameworks",
				);
				PRODUCT_BUNDLE_IDENTIFIER = "com.base.project.Base-ProjectUITests";
				PRODUCT_NAME = "$(TARGET_NAME)";
				TARGETED_DEVICE_FAMILY = "1,2";
				TEST_TARGET_NAME = Base_Project;
			};
			name = Debug;
		};
		85653B5C20B798B9004B3DEE /* Release */ = {
			isa = XCBuildConfiguration;
			buildSettings = {
				CODE_SIGN_STYLE = Automatic;
				INFOPLIST_FILE = Base_ProjectUITests/Info.plist;
				LD_RUNPATH_SEARCH_PATHS = (
					"$(inherited)",
					"@executable_path/Frameworks",
					"@loader_path/Frameworks",
				);
				PRODUCT_BUNDLE_IDENTIFIER = "com.base.project.Base-ProjectUITests";
				PRODUCT_NAME = "$(TARGET_NAME)";
				TARGETED_DEVICE_FAMILY = "1,2";
				TEST_TARGET_NAME = Base_Project;
			};
			name = Release;
		};
/* End XCBuildConfiguration section */

/* Begin XCConfigurationList section */
		85653B2320B798B7004B3DEE /* Build configuration list for PBXProject "Base_Project" */ = {
			isa = XCConfigurationList;
			buildConfigurations = (
				85653B5220B798B9004B3DEE /* Debug */,
				85653B5320B798B9004B3DEE /* Release */,
			);
			defaultConfigurationIsVisible = 0;
			defaultConfigurationName = Release;
		};
		85653B5420B798B9004B3DEE /* Build configuration list for PBXNativeTarget "Base_Project" */ = {
			isa = XCConfigurationList;
			buildConfigurations = (
				85653B5520B798B9004B3DEE /* Debug */,
				85653B5620B798B9004B3DEE /* Release */,
			);
			defaultConfigurationIsVisible = 0;
			defaultConfigurationName = Release;
		};
		85653B5720B798B9004B3DEE /* Build configuration list for PBXNativeTarget "Base_ProjectTests" */ = {
			isa = XCConfigurationList;
			buildConfigurations = (
				85653B5820B798B9004B3DEE /* Debug */,
				85653B5920B798B9004B3DEE /* Release */,
			);
			defaultConfigurationIsVisible = 0;
			defaultConfigurationName = Release;
		};
		85653B5A20B798B9004B3DEE /* Build configuration list for PBXNativeTarget "Base_ProjectUITests" */ = {
			isa = XCConfigurationList;
			buildConfigurations = (
				85653B5B20B798B9004B3DEE /* Debug */,
				85653B5C20B798B9004B3DEE /* Release */,
			);
			defaultConfigurationIsVisible = 0;
			defaultConfigurationName = Release;
		};
/* End XCConfigurationList section */
	};
	rootObject = 85653B2020B798B7004B3DEE /* Project object */;
}
